
Microsoft Visual Studio Solution File, Format Version 12.00
# Visual Studio Version 16
VisualStudioVersion = 16.0.30011.22
MinimumVisualStudioVersion = 10.0.40219.1
Project("{8BC9CEB8-8B4A-11D0-8D11-00A0C91BC942}") = "ConsoleApplication5", "ConsoleApplication5\ConsoleApplication5.vcxproj", "{9022BBFF-4F65-4919-86E8-5BB8694108EC}"
EndProject
Global
	GlobalSection(SolutionConfigurationPlatforms) = preSolution
		Debug|x64 = Debug|x64
		Debug|x86 = Debug|x86
		Release|x64 = Release|x64
		Release|x86 = Release|x86
	EndGlobalSection
	GlobalSection(ProjectConfigurationPlatforms) = postSolution
		{9022BBFF-4F65-4919-86E8-5BB8694108EC}.Debug|x64.ActiveCfg = Debug|x64
		{9022BBFF-4F65-4919-86E8-5BB8694108EC}.Debug|x64.Build.0 = Debug|x64
		{9022BBFF-4F65-4919-86E8-5BB8694108EC}.Debug|x86.ActiveCfg = Debug|Win32
		{9022BBFF-4F65-4919-86E8-5BB8694108EC}.Debug|x86.Build.0 = Debug|Win32
		{9022BBFF-4F65-4919-86E8-5BB8694108EC}.Release|x64.ActiveCfg = Release|x64
		{9022BBFF-4F65-4919-86E8-5BB8694108EC}.Release|x64.Build.0 = Release|x64
		{9022BBFF-4F65-4919-86E8-5BB8694108EC}.Release|x86.ActiveCfg = Release|Win32
		{9022BBFF-4F65-4919-86E8-5BB8694108EC}.Release|x86.Build.0 = Release|Win32
	EndGlobalSection
	GlobalSection(SolutionProperties) = preSolution
		HideSolutionNode = FALSE
	EndGlobalSection
	GlobalSection(ExtensibilityGlobals) = postSolution
		SolutionGuid = {01181516-C913-4EE8-8EFF-67A32C69976B}
	EndGlobalSection
EndGlobal
